
Microsoft Visual Studio Solution File, Format Version 12.00
# Visual Studio Version 17
VisualStudioVersion = 17.1.32210.238
MinimumVisualStudioVersion = 10.0.40219.1
Project("{FAE04EC0-301F-11D3-BF4B-00C04F79EFBC}") = "FilmProject", "FilmProject\FilmProject.csproj", "{D8A05D03-B1A8-4721-80A0-BBE44628C39F}"
EndProject
Global
	GlobalSection(SolutionConfigurationPlatforms) = preSolution
		Debug|Any CPU = Debug|Any CPU
		Release|Any CPU = Release|Any CPU
	EndGlobalSection
	GlobalSection(ProjectConfigurationPlatforms) = postSolution
		{D8A05D03-B1A8-4721-80A0-BBE44628C39F}.Debug|Any CPU.ActiveCfg = Debug|Any CPU
		{D8A05D03-B1A8-4721-80A0-BBE44628C39F}.Debug|Any CPU.Build.0 = Debug|Any CPU
		{D8A05D03-B1A8-4721-80A0-BBE44628C39F}.Release|Any CPU.ActiveCfg = Release|Any CPU
		{D8A05D03-B1A8-4721-80A0-BBE44628C39F}.Release|Any CPU.Build.0 = Release|Any CPU
	EndGlobalSection
	GlobalSection(SolutionProperties) = preSolution
		HideSolutionNode = FALSE
	EndGlobalSection
	GlobalSection(ExtensibilityGlobals) = postSolution
		SolutionGuid = {210F1214-475A-4318-B5B1-4E9BD36D7B1A}
	EndGlobalSection
EndGlobal
